- name: authors-block
  path: https://github.com/kapsner/authors-block
  author: "[kapsner](https://github.com/kapsner/)"
  description: |
    Quarto extension that brings author blocks to docx documents
    
    ```sh
    quarto add kapsner/authors-block
    ```
  type: [shortcodes-filters]
  categories: ["authors","authorship","extension","publications","scientific","scientific-publishing","docx","word"]

